// !$*UTF8*$!
{
	archiveVersion = 1;
	classes = {
	};
	objectVersion = 46;
	objects = {

/* Begin PBXBuildFile section */
		9A80DA712020722F0000664C /* AppDelegate.swift in Sources */ = {isa = PBXBuildFile; fileRef = 9A80DA702020722F0000664C /* AppDelegate.swift */; };
		9A80DA732020722F0000664C /* ViewController.swift in Sources */ = {isa = PBXBuildFile; fileRef = 9A80DA722020722F0000664C /* ViewController.swift */; };
		9A80DA762020722F0000664C /* Main.storyboard in Resources */ = {isa = PBXBuildFile; fileRef = 9A80DA742020722F0000664C /* Main.storyboard */; };
		9A80DA782020722F0000664C /* Assets.xcassets in Resources */ = {isa = PBXBuildFile; fileRef = 9A80DA772020722F0000664C /* Assets.xcassets */; };
		9A80DA7B2020722F0000664C /* LaunchScreen.storyboard in Resources */ = {isa = PBXBuildFile; fileRef = 9A80DA792020722F0000664C /* LaunchScreen.storyboard */; };
		9A80DA8420207B710000664C /* MapKit.framework in Frameworks */ = {isa = PBXBuildFile; fileRef = 9A80DA8320207B710000664C /* MapKit.framework */; };
		9A80DA8620207B7C0000664C /* CoreLocation.framework in Frameworks */ = {isa = PBXBuildFile; fileRef = 9A80DA8520207B7C0000664C /* CoreLocation.framework */; };
/* End PBXBuildFile section */

/* Begin PBXFileReference section */
		9A80DA6D2020722F0000664C /* MkMapViewDemo.app */ = {isa = PBXFileReference; explicitFileType = wrapper.application; includeInIndex = 0; path = MkMapViewDemo.app; sourceTree = BUILT_PRODUCTS_DIR; };
		9A80DA702020722F0000664C /* AppDelegate.swift */ = {isa = PBXFileReference; lastKnownFileType = sourcecode.swift; path = AppDelegate.swift; sourceTree = "<group>"; };
		9A80DA722020722F0000664C /* ViewController.swift */ = {isa = PBXFileReference; lastKnownFileType = sourcecode.swift; path = ViewController.swift; sourceTree = "<group>"; };
		9A80DA752020722F0000664C /* Base */ = {isa = PBXFileReference; lastKnownFileType = file.storyboard; name = Base; path = Base.lproj/Main.storyboard; sourceTree = "<group>"; };
		9A80DA772020722F0000664C /* Assets.xcassets */ = {isa = PBXFileReference; lastKnownFileType = folder.assetcatalog; path = Assets.xcassets; sourceTree = "<group>"; };
		9A80DA7A2020722F0000664C /* Base */ = {isa = PBXFileReference; lastKnownFileType = file.storyboard; name = Base; path = Base.lproj/LaunchScreen.storyboard; sourceTree = "<group>"; };
		9A80DA7C2020722F0000664C /* Info.plist */ = {isa = PBXFileReference; lastKnownFileType = text.plist.xml; path = Info.plist; sourceTree = "<group>"; };
		9A80DA8320207B710000664C /* MapKit.framework */ = {isa = PBXFileReference; lastKnownFileType = wrapper.framework; name = MapKit.framework; path = System/Library/Frameworks/MapKit.framework; sourceTree = SDKROOT; };
		9A80DA8520207B7C0000664C /* CoreLocation.framework */ = {isa = PBXFileReference; lastKnownFileType = wrapper.framework; name = CoreLocation.framework; path = System/Library/Frameworks/CoreLocation.framework; sourceTree = SDKROOT; };
/* End PBXFileReference section */

/* Begin PBXFrameworksBuildPhase section */
		9A80DA6A2020722F0000664C /* Frameworks */ = {
			isa = PBXFrameworksBuildPhase;
			buildActionMask = 2147483647;
			files = (
				9A80DA8620207B7C0000664C /* CoreLocation.framework in Frameworks */,
				9A80DA8420207B710000664C /* MapKit.framework in Frameworks */,
			);
			runOnlyForDeploymentPostprocessing = 0;
		};
/* End PBXFrameworksBuildPhase section */

/* Begin PBXGroup section */
		9A80DA642020722F0000664C = {
			isa = PBXGroup;
			children = (
				9A80DA6F2020722F0000664C /* MkMapViewDemo */,
				9A80DA6E2020722F0000664C /* Products */,
				9A80DA8220207B710000664C /* Frameworks */,
			);
			sourceTree = "<group>";
		};
		9A80DA6E2020722F0000664C /* Products */ = {
			isa = PBXGroup;
			children = (
				9A80DA6D2020722F0000664C /* MkMapViewDemo.app */,
			);
			name = Products;
			sourceTree = "<group>";
		};
		9A80DA6F2020722F0000664C /* MkMapViewDemo */ = {
			isa = PBXGroup;
			children = (
				9A80DA702020722F0000664C /* AppDelegate.swift */,
				9A80DA722020722F0000664C /* ViewController.swift */,
				9A80DA742020722F0000664C /* Main.storyboard */,
				9A80DA772020722F0000664C /* Assets.xcassets */,
				9A80DA792020722F0000664C /* LaunchScreen.storyboard */,
				9A80DA7C2020722F0000664C /* Info.plist */,
			);
			path = MkMapViewDemo;
			sourceTree = "<group>";
		};
		9A80DA8220207B710000664C /* Frameworks */ = {
			isa = PBXGroup;
			children = (
				9A80DA8520207B7C0000664C /* CoreLocation.framework */,
				9A80DA8320207B710000664C /* MapKit.framework */,
			);
			name = Frameworks;
			sourceTree = "<group>";
		};
/* End PBXGroup section */

/* Begin PBXNativeTarget section */
		9A80DA6C2020722F0000664C /* MkMapViewDemo */ = {
			isa = PBXNativeTarget;
			buildConfigurationList = 9A80DA7F2020722F0000664C /* Build configuration list for PBXNativeTarget "MkMapViewDemo" */;
			buildPhases = (
				9A80DA692020722F0000664C /* Sources */,
				9A80DA6A2020722F0000664C /* Frameworks */,
				9A80DA6B2020722F0000664C /* Resources */,
			);
			buildRules = (
			);
			dependencies = (
			);
			name = MkMapViewDemo;
			productName = MkMapViewDemo;
			productReference = 9A80DA6D2020722F0000664C /* MkMapViewDemo.app */;
			productType = "com.apple.product-type.application";
		};
/* End PBXNativeTarget section */

/* Begin PBXProject section */
		9A80DA652020722F0000664C /* Project object */ = {
			isa = PBXProject;
			attributes = {
				LastSwiftUpdateCheck = 0810;
				LastUpgradeCheck = 0810;
				ORGANIZATIONNAME = wrc;
				TargetAttributes = {
					9A80DA6C2020722F0000664C = {
						CreatedOnToolsVersion = 8.1;
						ProvisioningStyle = Automatic;
					};
				};
			};
			buildConfigurationList = 9A80DA682020722F0000664C /* Build configuration list for PBXProject "MkMapViewDemo" */;
			compatibilityVersion = "Xcode 3.2";
			developmentRegion = English;
			hasScannedForEncodings = 0;
			knownRegions = (
				en,
				Base,
			);
			mainGroup = 9A80DA642020722F0000664C;
			productRefGroup = 9A80DA6E2020722F0000664C /* Products */;
			projectDirPath = "";
			projectRoot = "";
			targets = (
				9A80DA6C2020722F0000664C /* MkMapViewDemo */,
			);
		};
/* End PBXProject section */

/* Begin PBXResourcesBuildPhase section */
		9A80DA6B2020722F0000664C /* Resources */ = {
			isa = PBXResourcesBuildPhase;
			buildActionMask = 2147483647;
			files = (
				9A80DA7B2020722F0000664C /* LaunchScreen.storyboard in Resources */,
				9A80DA782020722F0000664C /* Assets.xcassets in Resources */,
				9A80DA762020722F0000664C /* Main.storyboard in Resources */,
			);
			runOnlyForDeploymentPostprocessing = 0;
		};
/* End PBXResourcesBuildPhase section */

/* Begin PBXSourcesBuildPhase section */
		9A80DA692020722F0000664C /* Sources */ = {
			isa = PBXSourcesBuildPhase;
			buildActionMask = 2147483647;
			files = (
				9A80DA732020722F0000664C /* ViewController.swift in Sources */,
				9A80DA712020722F0000664C /* AppDelegate.swift in Sources */,
			);
			runOnlyForDeploymentPostprocessing = 0;
		};
/* End PBXSourcesBuildPhase section */

/* Begin PBXVariantGroup section */
		9A80DA742020722F0000664C /* Main.storyboard */ = {
			isa = PBXVariantGroup;
			children = (
				9A80DA752020722F0000664C /* Base */,
			);
			name = Main.storyboard;
			sourceTree = "<group>";
		};
		9A80DA792020722F0000664C /* LaunchScreen.storyboard */ = {
			isa = PBXVariantGroup;
			children = (
				9A80DA7A2020722F0000664C /* Base */,
			);
			name = LaunchScreen.storyboard;
			sourceTree = "<group>";
		};
/* End PBXVariantGroup section */

/* Begin XCBuildConfiguration section */
		9A80DA7D2020722F0000664C /* Debug */ = {
			isa = XCBuildConfiguration;
			buildSettings = {
				ALWAYS_SEARCH_USER_PATHS = NO;
				CLANG_ANALYZER_NONNULL = YES;
				CLANG_CXX_LANGUAGE_STANDARD = "gnu++0x";
				CLANG_CXX_LIBRARY = "libc++";
				CLANG_ENABLE_MODULES = YES;
				CLANG_ENABLE_OBJC_ARC = YES;
				CLANG_WARN_BOOL_CONVERSION = YES;
				CLANG_WARN_CONSTANT_CONVERSION = YES;
				CLANG_WARN_DIRECT_OBJC_ISA_USAGE = YES_ERROR;
				CLANG_WARN_DOCUMENTATION_COMMENTS = YES;
				CLANG_WARN_EMPTY_BODY = YES;
				CLANG_WARN_ENUM_CONVERSION = YES;
				CLANG_WARN_INFINITE_RECURSION = YES;
				CLANG_WARN_INT_CONVERSION = YES;
				CLANG_WARN_OBJC_ROOT_CLASS = YES_ERROR;
				CLANG_WARN_SUSPICIOUS_MOVES = YES;
				CLANG_WARN_UNREACHABLE_CODE = YES;
				CLANG_WARN__DUPLICATE_METHOD_MATCH = YES;
				"CODE_SIGN_IDENTITY[sdk=iphoneos*]" = "iPhone Developer";
				COPY_PHASE_STRIP = NO;
				DEBUG_INFORMATION_FORMAT = dwarf;
				ENABLE_STRICT_OBJC_MSGSEND = YES;
				ENABLE_TESTABILITY = YES;
				GCC_C_LANGUAGE_STANDARD = gnu99;
				GCC_DYNAMIC_NO_PIC = NO;
				GCC_NO_COMMON_BLOCKS = YES;
				GCC_OPTIMIZATION_LEVEL = 0;
				GCC_PREPROCESSOR_DEFINITIONS = (
					"DEBUG=1",
					"$(inherited)",
				);
				GCC_WARN_64_TO_32_BIT_CONVERSION = YES;
				GCC_WARN_ABOUT_RETURN_TYPE = YES_ERROR;
				GCC_WARN_UNDECLARED_SELECTOR = YES;
				GCC_WARN_UNINITIALIZED_AUTOS = YES_AGGRESSIVE;
				GCC_WARN_UNUSED_FUNCTION = YES;
				GCC_WARN_UNUSED_VARIABLE = YES;
				IPHONEOS_DEPLOYMENT_TARGET = 10.1;
				MTL_ENABLE_DEBUG_INFO = YES;
				ONLY_ACTIVE_ARCH = YES;
				SDKROOT = iphoneos;
				SWIFT_ACTIVE_COMPILATION_CONDITIONS = DEBUG;
				SWIFT_OPTIMIZATION_LEVEL = "-Onone";
			};
			name = Debug;
		};
		9A80DA7E2020722F0000664C /* Release */ = {
			isa = XCBuildConfiguration;
			buildSettings = {
				ALWAYS_SEARCH_USER_PATHS = NO;
				CLANG_ANALYZER_NONNULL = YES;
				CLANG_CXX_LANGUAGE_STANDARD = "gnu++0x";
				CLANG_CXX_LIBRARY = "libc++";
				CLANG_ENABLE_MODULES = YES;
				CLANG_ENABLE_OBJC_ARC = YES;
				CLANG_WARN_BOOL_CONVERSION = YES;
				CLANG_WARN_CONSTANT_CONVERSION = YES;
				CLANG_WARN_DIRECT_OBJC_ISA_USAGE = YES_ERROR;
				CLANG_WARN_DOCUMENTATION_COMMENTS = YES;
				CLANG_WARN_EMPTY_BODY = YES;
				CLANG_WARN_ENUM_CONVERSION = YES;
				CLANG_WARN_INFINITE_RECURSION = YES;
				CLANG_WARN_INT_CONVERSION = YES;
				CLANG_WARN_OBJC_ROOT_CLASS = YES_ERROR;
				CLANG_WARN_SUSPICIOUS_MOVES = YES;
				CLANG_WARN_UNREACHABLE_CODE = YES;
				CLANG_WARN__DUPLICATE_METHOD_MATCH = YES;
				"CODE_SIGN_IDENTITY[sdk=iphoneos*]" = "iPhone Developer";
				COPY_PHASE_STRIP = NO;
				DEBUG_INFORMATION_FORMAT = "dwarf-with-dsym";
				ENABLE_NS_ASSERTIONS = NO;
				ENABLE_STRICT_OBJC_MSGSEND = YES;
				GCC_C_LANGUAGE_STANDARD = gnu99;
				GCC_NO_COMMON_BLOCKS = YES;
				GCC_WARN_64_TO_32_BIT_CONVERSION = YES;
				GCC_WARN_ABOUT_RETURN_TYPE = YES_ERROR;
				GCC_WARN_UNDECLARED_SELECTOR = YES;
				GCC_WARN_UNINITIALIZED_AUTOS = YES_AGGRESSIVE;
				GCC_WARN_UNUSED_FUNCTION = YES;
				GCC_WARN_UNUSED_VARIABLE = YES;
				IPHONEOS_DEPLOYMENT_TARGET = 10.1;
				MTL_ENABLE_DEBUG_INFO = NO;
				SDKROOT = iphoneos;
				SWIFT_OPTIMIZATION_LEVEL = "-Owholemodule";
				VALIDATE_PRODUCT = YES;
			};
			name = Release;
		};
		9A80DA802020722F0000664C /* Debug */ = {
			isa = XCBuildConfiguration;
			buildSettings = {
				ASSETCATALOG_COMPILER_APPICON_NAME = AppIcon;
				INFOPLIST_FILE = MkMapViewDemo/Info.plist;
				LD_RUNPATH_SEARCH_PATHS = "$(inherited) @executable_path/Frameworks";
				PRODUCT_BUNDLE_IDENTIFIER = com.wrc.swift3.MkMapViewDemo;
				PRODUCT_NAME = "$(TARGET_NAME)";
				SWIFT_VERSION = 3.0;
			};
			name = Debug;
		};
		9A80DA812020722F0000664C /* Release */ = {
			isa = XCBuildConfiguration;
			buildSettings = {
				ASSETCATALOG_COMPILER_APPICON_NAME = AppIcon;
				INFOPLIST_FILE = MkMapViewDemo/Info.plist;
				LD_RUNPATH_SEARCH_PATHS = "$(inherited) @executable_path/Frameworks";
				PRODUCT_BUNDLE_IDENTIFIER = com.wrc.swift3.MkMapViewDemo;
				PRODUCT_NAME = "$(TARGET_NAME)";
				SWIFT_VERSION = 3.0;
			};
			name = Release;
		};
/* End XCBuildConfiguration section */

/* Begin XCConfigurationList section */
		9A80DA682020722F0000664C /* Build configuration list for PBXProject "MkMapViewDemo" */ = {
			isa = XCConfigurationList;
			buildConfigurations = (
				9A80DA7D2020722F0000664C /* Debug */,
				9A80DA7E2020722F0000664C /* Release */,
			);
			defaultConfigurationIsVisible = 0;
			defaultConfigurationName = Release;
		};
		9A80DA7F2020722F0000664C /* Build configuration list for PBXNativeTarget "MkMapViewDemo" */ = {
			isa = XCConfigurationList;
			buildConfigurations = (
				9A80DA802020722F0000664C /* Debug */,
				9A80DA812020722F0000664C /* Release */,
			);
			defaultConfigurationIsVisible = 0;
		};
/* End XCConfigurationList section */
	};
	rootObject = 9A80DA652020722F0000664C /* Project object */;
}
